// !$*UTF8*$!
{
	archiveVersion = 1;
	classes = {
	};
	objectVersion = 46;
	objects = {

/* Begin PBXBuildFile section */
		D38310831C7DF42F001C08B9 /* pokemon.csv in Resources */ = {isa = PBXBuildFile; fileRef = D38310821C7DF42F001C08B9 /* pokemon.csv */; };
		D399BA931C7DE4EE007CA586 /* AppDelegate.swift in Sources */ = {isa = PBXBuildFile; fileRef = D399BA921C7DE4EE007CA586 /* AppDelegate.swift */; };
		D399BA951C7DE4EE007CA586 /* ViewController.swift in Sources */ = {isa = PBXBuildFile; fileRef = D399BA941C7DE4EE007CA586 /* ViewController.swift */; };
		D399BA981C7DE4EE007CA586 /* Main.storyboard in Resources */ = {isa = PBXBuildFile; fileRef = D399BA961C7DE4EE007CA586 /* Main.storyboard */; };
		D399BA9A1C7DE4EE007CA586 /* Assets.xcassets in Resources */ = {isa = PBXBuildFile; fileRef = D399BA991C7DE4EE007CA586 /* Assets.xcassets */; };
		D399BA9D1C7DE4EE007CA586 /* LaunchScreen.storyboard in Resources */ = {isa = PBXBuildFile; fileRef = D399BA9B1C7DE4EE007CA586 /* LaunchScreen.storyboard */; };
/* End PBXBuildFile section */

/* Begin PBXFileReference section */
		D38310821C7DF42F001C08B9 /* pokemon.csv */ = {isa = PBXFileReference; fileEncoding = 4; lastKnownFileType = text; path = pokemon.csv; sourceTree = "<group>"; };
		D399BA8F1C7DE4EE007CA586 /* pokedex.app */ = {isa = PBXFileReference; explicitFileType = wrapper.application; includeInIndex = 0; path = pokedex.app; sourceTree = BUILT_PRODUCTS_DIR; };
		D399BA921C7DE4EE007CA586 /* AppDelegate.swift */ = {isa = PBXFileReference; lastKnownFileType = sourcecode.swift; path = AppDelegate.swift; sourceTree = "<group>"; };
		D399BA941C7DE4EE007CA586 /* ViewController.swift */ = {isa = PBXFileReference; lastKnownFileType = sourcecode.swift; path = ViewController.swift; sourceTree = "<group>"; };
		D399BA971C7DE4EE007CA586 /* Base */ = {isa = PBXFileReference; lastKnownFileType = file.storyboard; name = Base; path = Base.lproj/Main.storyboard; sourceTree = "<group>"; };
		D399BA991C7DE4EE007CA586 /* Assets.xcassets */ = {isa = PBXFileReference; lastKnownFileType = folder.assetcatalog; path = Assets.xcassets; sourceTree = "<group>"; };
		D399BA9C1C7DE4EE007CA586 /* Base */ = {isa = PBXFileReference; lastKnownFileType = file.storyboard; name = Base; path = Base.lproj/LaunchScreen.storyboard; sourceTree = "<group>"; };
		D399BA9E1C7DE4EE007CA586 /* Info.plist */ = {isa = PBXFileReference; lastKnownFileType = text.plist.xml; path = Info.plist; sourceTree = "<group>"; };
/* End PBXFileReference section */

/* Begin PBXFrameworksBuildPhase section */
		D399BA8C1C7DE4EE007CA586 /* Frameworks */ = {
			isa = PBXFrameworksBuildPhase;
			buildActionMask = 2147483647;
			files = (
			);
			runOnlyForDeploymentPostprocessing = 0;
		};
/* End PBXFrameworksBuildPhase section */

/* Begin PBXGroup section */
		D399BA861C7DE4EE007CA586 = {
			isa = PBXGroup;
			children = (
				D399BA911C7DE4EE007CA586 /* pokedex */,
				D399BA901C7DE4EE007CA586 /* Products */,
			);
			sourceTree = "<group>";
		};
		D399BA901C7DE4EE007CA586 /* Products */ = {
			isa = PBXGroup;
			children = (
				D399BA8F1C7DE4EE007CA586 /* pokedex.app */,
			);
			name = Products;
			sourceTree = "<group>";
		};
		D399BA911C7DE4EE007CA586 /* pokedex */ = {
			isa = PBXGroup;
			children = (
				D399BA921C7DE4EE007CA586 /* AppDelegate.swift */,
				D399BA941C7DE4EE007CA586 /* ViewController.swift */,
				D399BA961C7DE4EE007CA586 /* Main.storyboard */,
				D38310821C7DF42F001C08B9 /* pokemon.csv */,
				D399BA991C7DE4EE007CA586 /* Assets.xcassets */,
				D399BA9B1C7DE4EE007CA586 /* LaunchScreen.storyboard */,
				D399BA9E1C7DE4EE007CA586 /* Info.plist */,
			);
			path = pokedex;
			sourceTree = "<group>";
		};
/* End PBXGroup section */

/* Begin PBXNativeTarget section */
		D399BA8E1C7DE4EE007CA586 /* pokedex */ = {
			isa = PBXNativeTarget;
			buildConfigurationList = D399BAA11C7DE4EE007CA586 /* Build configuration list for PBXNativeTarget "pokedex" */;
			buildPhases = (
				D399BA8B1C7DE4EE007CA586 /* Sources */,
				D399BA8C1C7DE4EE007CA586 /* Frameworks */,
				D399BA8D1C7DE4EE007CA586 /* Resources */,
			);
			buildRules = (
			);
			dependencies = (
			);
			name = pokedex;
			productName = pokedex;
			productReference = D399BA8F1C7DE4EE007CA586 /* pokedex.app */;
			productType = "com.apple.product-type.application";
		};
/* End PBXNativeTarget section */

/* Begin PBXProject section */
		D399BA871C7DE4EE007CA586 /* Project object */ = {
			isa = PBXProject;
			attributes = {
				LastSwiftUpdateCheck = 0720;
				LastUpgradeCheck = 0720;
				ORGANIZATIONNAME = Swiftbook;
				TargetAttributes = {
					D399BA8E1C7DE4EE007CA586 = {
						CreatedOnToolsVersion = 7.2.1;
						DevelopmentTeam = RSP6CG5CBK;
					};
				};
			};
			buildConfigurationList = D399BA8A1C7DE4EE007CA586 /* Build configuration list for PBXProject "pokedex" */;
			compatibilityVersion = "Xcode 3.2";
			developmentRegion = English;
			hasScannedForEncodings = 0;
			knownRegions = (
				en,
				Base,
			);
			mainGroup = D399BA861C7DE4EE007CA586;
			productRefGroup = D399BA901C7DE4EE007CA586 /* Products */;
			projectDirPath = "";
			projectRoot = "";
			targets = (
				D399BA8E1C7DE4EE007CA586 /* pokedex */,
			);
		};
/* End PBXProject section */

/* Begin PBXResourcesBuildPhase section */
		D399BA8D1C7DE4EE007CA586 /* Resources */ = {
			isa = PBXResourcesBuildPhase;
			buildActionMask = 2147483647;
			files = (
				D399BA9D1C7DE4EE007CA586 /* LaunchScreen.storyboard in Resources */,
				D399BA9A1C7DE4EE007CA586 /* Assets.xcassets in Resources */,
				D38310831C7DF42F001C08B9 /* pokemon.csv in Resources */,
				D399BA981C7DE4EE007CA586 /* Main.storyboard in Resources */,
			);
			runOnlyForDeploymentPostprocessing = 0;
		};
/* End PBXResourcesBuildPhase section */

/* Begin PBXSourcesBuildPhase section */
		D399BA8B1C7DE4EE007CA586 /* Sources */ = {
			isa = PBXSourcesBuildPhase;
			buildActionMask = 2147483647;
			files = (
				D399BA951C7DE4EE007CA586 /* ViewController.swift in Sources */,
				D399BA931C7DE4EE007CA586 /* AppDelegate.swift in Sources */,
			);
			runOnlyForDeploymentPostprocessing = 0;
		};
/* End PBXSourcesBuildPhase section */

/* Begin PBXVariantGroup section */
		D399BA961C7DE4EE007CA586 /* Main.storyboard */ = {
			isa = PBXVariantGroup;
			children = (
				D399BA971C7DE4EE007CA586 /* Base */,
			);
			name = Main.storyboard;
			sourceTree = "<group>";
		};
		D399BA9B1C7DE4EE007CA586 /* LaunchScreen.storyboard */ = {
			isa = PBXVariantGroup;
			children = (
				D399BA9C1C7DE4EE007CA586 /* Base */,
			);
			name = LaunchScreen.storyboard;
			sourceTree = "<group>";
		};
/* End PBXVariantGroup section */

/* Begin XCBuildConfiguration section */
		D399BA9F1C7DE4EE007CA586 /* Debug */ = {
			isa = XCBuildConfiguration;
			buildSettings = {
				ALWAYS_SEARCH_USER_PATHS = NO;
				CLANG_CXX_LANGUAGE_STANDARD = "gnu++0x";
				CLANG_CXX_LIBRARY = "libc++";
				CLANG_ENABLE_MODULES = YES;
				CLANG_ENABLE_OBJC_ARC = YES;
				CLANG_WARN_BOOL_CONVERSION = YES;
				CLANG_WARN_CONSTANT_CONVERSION = YES;
				CLANG_WARN_DIRECT_OBJC_ISA_USAGE = YES_ERROR;
				CLANG_WARN_EMPTY_BODY = YES;
				CLANG_WARN_ENUM_CONVERSION = YES;
				CLANG_WARN_INT_CONVERSION = YES;
				CLANG_WARN_OBJC_ROOT_CLASS = YES_ERROR;
				CLANG_WARN_UNREACHABLE_CODE = YES;
				CLANG_WARN__DUPLICATE_METHOD_MATCH = YES;
				"CODE_SIGN_IDENTITY[sdk=iphoneos*]" = "iPhone Developer";
				COPY_PHASE_STRIP = NO;
				DEBUG_INFORMATION_FORMAT = dwarf;
				ENABLE_STRICT_OBJC_MSGSEND = YES;
				ENABLE_TESTABILITY = YES;
				GCC_C_LANGUAGE_STANDARD = gnu99;
				GCC_DYNAMIC_NO_PIC = NO;
				GCC_NO_COMMON_BLOCKS = YES;
				GCC_OPTIMIZATION_LEVEL = 0;
				GCC_PREPROCESSOR_DEFINITIONS = (
					"DEBUG=1",
					"$(inherited)",
				);
				GCC_WARN_64_TO_32_BIT_CONVERSION = YES;
				GCC_WARN_ABOUT_RETURN_TYPE = YES_ERROR;
				GCC_WARN_UNDECLARED_SELECTOR = YES;
				GCC_WARN_UNINITIALIZED_AUTOS = YES_AGGRESSIVE;
				GCC_WARN_UNUSED_FUNCTION = YES;
				GCC_WARN_UNUSED_VARIABLE = YES;
				IPHONEOS_DEPLOYMENT_TARGET = 9.2;
				MTL_ENABLE_DEBUG_INFO = YES;
				ONLY_ACTIVE_ARCH = YES;
				SDKROOT = iphoneos;
				SWIFT_OPTIMIZATION_LEVEL = "-Onone";
				TARGETED_DEVICE_FAMILY = "1,2";
			};
			name = Debug;
		};
		D399BAA01C7DE4EE007CA586 /* Release */ = {
			isa = XCBuildConfiguration;
			buildSettings = {
				ALWAYS_SEARCH_USER_PATHS = NO;
				CLANG_CXX_LANGUAGE_STANDARD = "gnu++0x";
				CLANG_CXX_LIBRARY = "libc++";
				CLANG_ENABLE_MODULES = YES;
				CLANG_ENABLE_OBJC_ARC = YES;
				CLANG_WARN_BOOL_CONVERSION = YES;
				CLANG_WARN_CONSTANT_CONVERSION = YES;
				CLANG_WARN_DIRECT_OBJC_ISA_USAGE = YES_ERROR;
				CLANG_WARN_EMPTY_BODY = YES;
				CLANG_WARN_ENUM_CONVERSION = YES;
				CLANG_WARN_INT_CONVERSION = YES;
				CLANG_WARN_OBJC_ROOT_CLASS = YES_ERROR;
				CLANG_WARN_UNREACHABLE_CODE = YES;
				CLANG_WARN__DUPLICATE_METHOD_MATCH = YES;
				"CODE_SIGN_IDENTITY[sdk=iphoneos*]" = "iPhone Developer";
				COPY_PHASE_STRIP = NO;
				DEBUG_INFORMATION_FORMAT = "dwarf-with-dsym";
				ENABLE_NS_ASSERTIONS = NO;
				ENABLE_STRICT_OBJC_MSGSEND = YES;
				GCC_C_LANGUAGE_STANDARD = gnu99;
				GCC_NO_COMMON_BLOCKS = YES;
				GCC_WARN_64_TO_32_BIT_CONVERSION = YES;
				GCC_WARN_ABOUT_RETURN_TYPE = YES_ERROR;
				GCC_WARN_UNDECLARED_SELECTOR = YES;
				GCC_WARN_UNINITIALIZED_AUTOS = YES_AGGRESSIVE;
				GCC_WARN_UNUSED_FUNCTION = YES;
				GCC_WARN_UNUSED_VARIABLE = YES;
				IPHONEOS_DEPLOYMENT_TARGET = 9.2;
				MTL_ENABLE_DEBUG_INFO = NO;
				SDKROOT = iphoneos;
				TARGETED_DEVICE_FAMILY = "1,2";
				VALIDATE_PRODUCT = YES;
			};
			name = Release;
		};
		D399BAA21C7DE4EE007CA586 /* Debug */ = {
			isa = XCBuildConfiguration;
			buildSettings = {
				ASSETCATALOG_COMPILER_APPICON_NAME = AppIcon;
				INFOPLIST_FILE = pokedex/Info.plist;
				LD_RUNPATH_SEARCH_PATHS = "$(inherited) @executable_path/Frameworks";
				PRODUCT_BUNDLE_IDENTIFIER = com.swiftbook.pokedex;
				PRODUCT_NAME = "$(TARGET_NAME)";
			};
			name = Debug;
		};
		D399BAA31C7DE4EE007CA586 /* Release */ = {
			isa = XCBuildConfiguration;
			buildSettings = {
				ASSETCATALOG_COMPILER_APPICON_NAME = AppIcon;
				INFOPLIST_FILE = pokedex/Info.plist;
				LD_RUNPATH_SEARCH_PATHS = "$(inherited) @executable_path/Frameworks";
				PRODUCT_BUNDLE_IDENTIFIER = com.swiftbook.pokedex;
				PRODUCT_NAME = "$(TARGET_NAME)";
			};
			name = Release;
		};
/* End XCBuildConfiguration section */

/* Begin XCConfigurationList section */
		D399BA8A1C7DE4EE007CA586 /* Build configuration list for PBXProject "pokedex" */ = {
			isa = XCConfigurationList;
			buildConfigurations = (
				D399BA9F1C7DE4EE007CA586 /* Debug */,
				D399BAA01C7DE4EE007CA586 /* Release */,
			);
			defaultConfigurationIsVisible = 0;
			defaultConfigurationName = Release;
		};
		D399BAA11C7DE4EE007CA586 /* Build configuration list for PBXNativeTarget "pokedex" */ = {
			isa = XCConfigurationList;
			buildConfigurations = (
				D399BAA21C7DE4EE007CA586 /* Debug */,
				D399BAA31C7DE4EE007CA586 /* Release */,
			);
			defaultConfigurationIsVisible = 0;
			defaultConfigurationName = Release;
		};
/* End XCConfigurationList section */
	};
	rootObject = D399BA871C7DE4EE007CA586 /* Project object */;
}
